{
    "_meta": {
        "hash": {
            "sha256": "c8e0ec414be9740012f0c106d149b2083f09b42cfccd225a5f9559b3526f5a82"
        },
        "pipfile-spec": 6,
        "requires": {
            "python_version": "3.12"
        },
        "sources": [
            {
                "name": "pypi",
                "url": "https://pypi.org/simple",
                "verify_ssl": true
            }
        ]
    },
    "default": {
        "certifi": {
            "hashes": [
                "sha256:62f22742b58a1a33014a2b6b706588a8d7e2a88ae7bd1a6ebe8c992928483775",
                "sha256:741e2c3b351ddf169a738da9f2c048608ff7f2c5cc02f1ebc6b118bb090d5d55"
            ],
            "markers": "python_version >= '3.7'",
            "version": "==2026.7.22"
        },
        "charset-normalizer": {
            "hashes": [
                "sha256:0327fcd59a935777d83410750c50600ee9571af2846f71ce40f25b13da1ef380",
                "sha256:03d07803992c6c7bbc976327f34b18b6160327fc81cb82c9d504720ac0be3b62",
                "sha256:04ce310cb89c15df659582aee80a0603788732a5e017d5bd5c81158106ce249c",
                "sha256:0d861473f743244d349b50f850d10eb87aeb22bbdcc8e64f79273c94af5a8226",
                "sha256:0e94703ec9684807f20cfb5eed95c70f67f2a8f21ad620146d7b5a13677b93e5",
                "sha256:0fa1aec2d32bcc03c8fa0f6f1712caad1adc38509f31142112e5c9daf5b9c833",
                "sha256:16b65ea0f2465b6fb52aa22de5eca612aa964ddfec00a912e26f4656cbef890b",
                "sha256:16d10d789dd9bcca1173c95af82c58433122564b7bc39385124be735a35cbe99",
                "sha256:19ac87f93086ce37b86e098888555c4b4bc48102279bae3350098c0ed664b501",
                "sha256:1d22856ffbe153a602df38e4a5464f0b748a54002e0d69ac6d2ad0a197cc99ec",
                "sha256:21e764fd1e70b6a3e205a0e46f3051701f98a8cb3fad66eeb80e48bb502f8698",
                "sha256:231ddcbb35e2ff8973e1365db41fe0572662893b99a05deb183b68ad4c0c8bd4",
                "sha256:253a4a220747e8b5faf57ec320c4f5efb0cef05f647420bf267143ec15dba10a",
                "sha256:280081916dc341820640489a66e4696049401ef1cf6dd672f672e70ad915aca3",
                "sha256:2a441ea71902098ffe78c5abe6c494f44160b4af614ed16c3d9a3b1d17fd8ee2",
                "sha256:304b13570067b2547562e308af560b3963857b1fa90bd6afd978130130fe2d6a",
                "sha256:32286a2c8d167e897177b673176c1e3e00d4057caf5d2b64eef9a3666b03018e",
                "sha256:33bdcc2a32c0a0e861f60841a512c8acc658c87c2ac59d89e3a46dacf7d866e4",
                "sha256:375b83ed0aecfce76c16d198fbc21f3b11b337d68662bea0a995046682a11419",
                "sha256:3c09a49d6cde137258beb3d551994a2927fd35ad5cf96aed573f61bbd67c5f84",
                "sha256:3d92613ec25e43b05f042302531ec0f00b8445190e43325880cbd6ab7c2581da",
                "sha256:40a126142a56b2dfc0aacbad1de8310cbf60da7656db0e6b16eebd48e3e93519",
                "sha256:416c229f77e5ea25b3dfd4b582f8d73d7e43c22320302b9ab128a2d3a0b38efe",
                "sha256:432786d3561e69aeeae6c7e8648964ce0ad05736120135601f87ac26b9c83381",
                "sha256:43b9e366a31fdd1c87d0eb08f579b4a82b723ea54338f040d6b4e518a026ea29",
                "sha256:440eede837960000d74978f0eba527be106b5b9aee0daf779d395276ed0b0614",
                "sha256:45b0cc4e3556cd875e09102988d1ab8356c998b596c9fced84547c8138b487a0",
                "sha256:476743fe6dfe14a2da12e3ac79125dc84a3b2cf8094369a47a1529b0cd8549fe",
                "sha256:4773092f8019072343a7447203308b176e10199920eb02d6195e81bbb3274c29",
                "sha256:4b3dac63058cc36820b0dd072f89898604e2d39686fe05321729d00d8ac185a0",
                "sha256:4d1c96a7a18b9690a4d46df09e3e3382406ae3213727cd1019ebade1c4a81917",
                "sha256:51307f5c71007673a2bf8232ad973483d281e74cb99c8c5a990af1eefa6277d9",
                "sha256:51447e9aa2684679af07ca5021c3db526e0284347ebf4ffcec1154c3350cfe32",
                "sha256:58150c9f9b9a552505912d182ccdf26f6396fb6094816ceebcbb20eecabaed94",
                "sha256:5b10cd92fc5c498b35a8635df6d5a100207f88b63a4dc1de7ef9a548e1e2cd63",
                "sha256:5e226f6218febc71f6c1fc2fafb91c226f75bdc1d8fb12d66823716e891608fd",
                "sha256:609b3ba8fcc0fb5ab7af00719d0fb6ad0cb518e48e7712d12fd68f1327951198",
                "sha256:60f44ade2cf573dad7a277e6f8ca9a51a21dda572b13bd7d8539bb3cd5dbedde",
                "sha256:611057cc5d5c0afc743ba8be6bd828c17e0aaa8643f9d0a9b9bb7dea80eb8012",
                "sha256:6366a16e1a25018694d6a5d784d09b046edc9eac40ea2b54065c3052672516a1",
                "sha256:65a7ff3f705e57d392f7261b6d0550fe137c3019477431f1c355e0db0a7d3e15",
                "sha256:673611bbd43f0810bec0b0f028ddeaaa501190339cac411f347ac76917c3ae7b",
                "sha256:67830fc78e67501f47bb950471b2dcb9b35b140084429318e862895a8e89c993",
                "sha256:68ce9f4d6b26d5ccbf7fd4459bf75f74a0a146677ebba80597df60cbdb20e6f4",
                "sha256:68e5f26a1ad57ded6d1cfb85331d1c1a195314756471d97758c48498bb4dcdf5",
                "sha256:69b157c5d3292bcd443faca052f3096f637f1e074b98212a933c074ae23dc3b8",
                "sha256:75286256590a6320cf106a0d28970d3560aad9ee09aa7b34fb40524792436d35",
                "sha256:78841cccf1af7b40f6f716338d50c0902dbe88d9f800b3c973b7a9a0a693a642",
                "sha256:78fa18e436a1a0e58dbd7e02fc4473f3f32cceb12df9dfca542d075961c307d2",
                "sha256:79580094b00d1789d1f93ea55bc43cb2f611910c72235b7657f3482ddcc1b22d",
                "sha256:7b86a2b16095d250c6f58b3d9b2eee6f4147754344f3dab0922f7c9bf7d226c9",
                "sha256:83aed2c10721ddd90f68140685391b50811a880af20654c59af6b6c66c40513c",
                "sha256:84fd18bcc17526fc2b3c1af7d2b9217d32c9c04448c16ec693b9b4f1985c3d33",
                "sha256:871ff67ea1aad4dfd91736464934d56b32dac49f9fbe16cddba36198a7b3a0db",
                "sha256:898f0e9068ca27d37f8e83a5b962821df851532e6c4a7d615c1c033f9da6eedf",
                "sha256:8a79d9f4d8001473a30c163556b3c3bfebec837495a412dde78b51672f6134f9",
                "sha256:8c041122946b7ba21bb32c45b1aa57b1be35527690aeb3c5c234521085632eee",
                "sha256:90c44bc373b7687f6948b693cceaea1348ae0975d7474746559494468e3c1d84",
                "sha256:9104ed0bd76a429d46f9ec0dbc9b08ad1d2dcdf2b00a5a0daa1c145329b35b44",
                "sha256:920079c3f7456fa213e0829ed2073aaa727fd39d889ead5b4f35d0de5460d04f",
                "sha256:93d59d504b230e83c7a843251681959a0b6a9cd76f6e146ce1b8a80eb8739af9",
                "sha256:9b2aff1c7b3884512b9512c3eaadd9bab39fb45042ffaaa1dd08ff2b9f8109d9",
                "sha256:9b8e0f3107e2200b76f6054de99016eac3ee6762713587b36baaa7e4bd2ae177",
                "sha256:9bb41182d93ea91f60b4bc8fbf4c820c69ef8a12ab2d917f3f1834f1acad07e8",
                "sha256:9cdef90ae47919cae358d8ab15797a800ed41da7aba5d72419fb510729e2ed4b",
                "sha256:a1786910334ed46ab1dd73222f2cd1e05c2c3bb39f6dddb4f8b36fc382058a39",
                "sha256:a4cfde78a9f2880208d16a93b795726a3017d5977e08d1e162a7a31322479c41",
                "sha256:a4fbdde9dd4a9ce5fd52c2b3a347bb50cc89483ef783f1cb00d408c13f7a96c0",
                "sha256:aa99adc8f081b475a12843953db36831eaf83ec33eb46a90629ca6a5de45a616",
                "sha256:ac351b3b8014eead140e77e9717e2992c6bbe30b63bc3422422eb84865412e3d",
                "sha256:ad41ba96094304aa090f5a30cb6e4fb3b3f1c264c523394b4c39bbacc4dc92ba",
                "sha256:b5314963fce9b0b12743891de876e724997864ee22aa496f903f426c7e2fa5b2",
                "sha256:bcf74c1df76758a395bf0af608c04c82257523f55c9868b334f06270d0f2112b",
                "sha256:bd47ba7fc3ca94896759ea0109775132d3e7ab921fbf54038e1bab2e46c313c9",
                "sha256:c0323c9daef75ef2e5083624b4585018a0c9d5e3b40f607eed81a311270b934b",
                "sha256:c1225416b463483160e4af85d5fc3a9690ccb53fd4b1865a6437825f5ede3209",
                "sha256:c1c948747b03be832dceed96ca815cef7360de9aa19d37c730f8e3f6101aca48",
                "sha256:c25fe15c70c59eb7c5ce8c06a1f3fa1da0ecc5ea1e7a5922c40fd2fa9b0d5046",
                "sha256:cc1b0fff8ead343dae06305f954eb8468ba0ec1a97881f42489d198e4ce3c632",
                "sha256:cd6280cf040f233bd7d3407b743b4b4c74f70e8e1c4199cb112a62c941c0772a",
                "sha256:cd6c3d4b783c556fa00bf540854e42f135e2f256abd29669fcd0da0f2dec79c2",
                "sha256:d4d6fcde76f94f5cb9e43e9e9a61f16dacefd228cbbf6f1a09bd9b219a92f1a1",
                "sha256:ddf4af30b417d9fe16481e9b81c27ab2a7cde1ff7ba3e85653b02db7d145dc7b",
                "sha256:df115d4d83168fdf2cae48ef1ff6d1cb4c466364e30861b37121de0f3bf1b990",
                "sha256:df7276909358e5635ae203673ab7e509ddd224225a8d6b0790bf13eb2bde1cc5",
                "sha256:e4fd89cc178bced6ad29cb3e6dd4aa63fa5017c3524dbd0b25998fb64a87cc8b",
                "sha256:e9701d0049d92c16703a42771b98d560b95248949f23f8cf7b4eddd201814fb9",
                "sha256:ee2f2a527e3c1a6e6411eb4209642e138b544a2d72fe5d0d76daf77b24063534",
                "sha256:f7fb7d750cfa0a070d2c24e831fd3481019a60dd317ea2b39acbcebc08b6ed81",
                "sha256:f840ed6d8ecba8255df8c42b87fadeda98ddfc6eeec05e2dc66e26d46dd6f58a",
                "sha256:f86c6358749bd4fda175388691e3ba8c46e24c5347d0afd20f9b7edfc9faf07d",
                "sha256:fa36ec09ef71d158186bc79e359ff5fdd6e7996fe8ab638f00d6b93139ba4fcf",
                "sha256:fe2c7201c642b7c308f1675355ad7ff7b66acfe3541625efe5a3ad38f29d6115"
            ],
            "markers": "python_version >= '3.7'",
            "version": "==3.4.9"
        },
        "deprecated": {
            "hashes": [
                "sha256:597bfef186b6f60181535a29fbe44865ce137a5079f295b479886c82729d5f3f",
                "sha256:b1b50e0ff0c1fddaa5708a2c6b0a6588bb09b892825ab2b214ac9ea9d92a5223"
            ],
            "markers": "python_version >= '2.7' and python_version not in '3.0, 3.1, 3.2, 3.3'",
            "version": "==1.3.1"
        },
        "idna": {
            "hashes": [
                "sha256:7f952cbe720b688055e3f87de14f5c3e5fdaa8bc3928985c4077ca689de849a2",
                "sha256:ffb385a7e039654cef1ab9ef32c6fafe283c0c0467bba1d9029738ce4a14a848"
            ],
            "markers": "python_version >= '3.9'",
            "version": "==3.18"
        },
        "iniconfig": {
            "hashes": [
                "sha256:c76315c77db068650d49c5b56314774a7804df16fee4402c1f19d6d15d8c4730",
                "sha256:f631c04d2c48c52b84d0d0549c99ff3859c98df65b3101406327ecc7d53fbf12"
            ],
            "markers": "python_version >= '3.10'",
            "version": "==2.3.0"
        },
        "packaging": {
            "hashes": [
                "sha256:5fc45236b9446107ff2415ce77c807cee2862cb6fac22b8a73826d0693b0980e",
                "sha256:ff452ff5a3e828ce110190feff1178bb1f2ea2281fa2075aadb987c2fb221661"
            ],
            "markers": "python_version >= '3.8'",
            "version": "==26.2"
        },
        "pluggy": {
            "hashes": [
                "sha256:7dcc130b76258d33b90f61b658791dede3486c3e6bfb003ee5c9bfb396dd22f3",
                "sha256:e920276dd6813095e9377c0bc5566d94c932c33b27a3e3945d8389c374dd4746"
            ],
            "markers": "python_version >= '3.9'",
            "version": "==1.6.0"
        },
        "pygments": {
            "hashes": [
                "sha256:6757cd03768053ff99f3039c1a36d6c0aa0b263438fcab17520b30a303a82b5f",
                "sha256:81a9e26dd42fd28a23a2d169d86d7ac03b46e2f8b59ed4698fb4785f946d0176"
            ],
            "markers": "python_version >= '3.9'",
            "version": "==2.20.0"
        },
        "pykube-ng": {
            "hashes": [
                "sha256:46de8e17ed87c1a1014667d60e7d94a1f3fa2b8037b41e67d32c28b5869af35d",
                "sha256:63f20f634bfcd83966edec32f892286f75dffb817a2c097434ecc039e558ec8f"
            ],
            "index": "pypi",
            "markers": "python_version >= '3.8' and python_version < '4'",
            "version": "==23.6.0"
        },
        "pytest": {
            "hashes": [
                "sha256:86c0d0b93306b961d58d62a4db4879f27fe25513d4b969df351abdddb3c30e01",
                "sha256:872f880de3fc3a5bdc88a11b39c9710c3497a547cfa9320bc3c5e62fbf272e79"
            ],
            "index": "pypi",
            "markers": "python_version >= '3.9'",
            "version": "==8.4.2"
        },
        "pytest-helm-charts": {
            "hashes": [
                "sha256:08261ece312d2dae9577098d06a6da3de5dee7aafad0b7d372b4e000f86b3ad4",
                "sha256:c8284c36f8c135274e76c6495cf011a5b02a0106a964549901e317dad556e688"
            ],
            "index": "pypi",
            "markers": "python_version >= '3.10' and python_version < '4'",
            "version": "==1.3.4"
        },
        "pytest-rerunfailures": {
            "hashes": [
                "sha256:8222d17c37eb7b9e4d6fc96a3c724ff4e1a5c97a5cc7cbb2c19e9282cfd21a11",
                "sha256:f69b5beb39622c90d1e44bd945d826eff6db545dcf0b68f52b7e4ad15eaf6d6c"
            ],
            "index": "pypi",
            "markers": "python_version >= '3.10'",
            "version": "==16.4"
        },
        "pyyaml": {
            "hashes": [
                "sha256:00c4bdeba853cc34e7dd471f16b4114f4162dc03e6b7afcc2128711f0eca823c",
                "sha256:0150219816b6a1fa26fb4699fb7daa9caf09eb1999f3b70fb6e786805e80375a",
                "sha256:02893d100e99e03eda1c8fd5c441d8c60103fd175728e23e431db1b589cf5ab3",
                "sha256:02ea2dfa234451bbb8772601d7b8e426c2bfa197136796224e50e35a78777956",
                "sha256:0f29edc409a6392443abf94b9cf89ce99889a1dd5376d94316ae5145dfedd5d6",
                "sha256:10892704fc220243f5305762e276552a0395f7beb4dbf9b14ec8fd43b57f126c",
                "sha256:16249ee61e95f858e83976573de0f5b2893b3677ba71c9dd36b9cf8be9ac6d65",
                "sha256:1d37d57ad971609cf3c53ba6a7e365e40660e3be0e5175fa9f2365a379d6095a",
                "sha256:1ebe39cb5fc479422b83de611d14e2c0d3bb2a18bbcb01f229ab3cfbd8fee7a0",
                "sha256:214ed4befebe12df36bcc8bc2b64b396ca31be9304b8f59e25c11cf94a4c033b",
                "sha256:2283a07e2c21a2aa78d9c4442724ec1eb15f5e42a723b99cb3d822d48f5f7ad1",
                "sha256:22ba7cfcad58ef3ecddc7ed1db3409af68d023b7f940da23c6c2a1890976eda6",
                "sha256:27c0abcb4a5dac13684a37f76e701e054692a9b2d3064b70f5e4eb54810553d7",
                "sha256:28c8d926f98f432f88adc23edf2e6d4921ac26fb084b028c733d01868d19007e",
                "sha256:2e71d11abed7344e42a8849600193d15b6def118602c4c176f748e4583246007",
                "sha256:34d5fcd24b8445fadc33f9cf348c1047101756fd760b4dacb5c3e99755703310",
                "sha256:37503bfbfc9d2c40b344d06b2199cf0e96e97957ab1c1b546fd4f87e53e5d3e4",
                "sha256:3c5677e12444c15717b902a5798264fa7909e41153cdf9ef7ad571b704a63dd9",
                "sha256:3ff07ec89bae51176c0549bc4c63aa6202991da2d9a6129d7aef7f1407d3f295",
                "sha256:41715c910c881bc081f1e8872880d3c650acf13dfa8214bad49ed4cede7c34ea",
                "sha256:418cf3f2111bc80e0933b2cd8cd04f286338bb88bdc7bc8e6dd775ebde60b5e0",
                "sha256:44edc647873928551a01e7a563d7452ccdebee747728c1080d881d68af7b997e",
                "sha256:4a2e8cebe2ff6ab7d1050ecd59c25d4c8bd7e6f400f5f82b96557ac0abafd0ac",
                "sha256:4ad1906908f2f5ae4e5a8ddfce73c320c2a1429ec52eafd27138b7f1cbe341c9",
                "sha256:501a031947e3a9025ed4405a168e6ef5ae3126c59f90ce0cd6f2bfc477be31b7",
                "sha256:5190d403f121660ce8d1d2c1bb2ef1bd05b5f68533fc5c2ea899bd15f4399b35",
                "sha256:5498cd1645aa724a7c71c8f378eb29ebe23da2fc0d7a08071d89469bf1d2defb",
                "sha256:5cf4e27da7e3fbed4d6c3d8e797387aaad68102272f8f9752883bc32d61cb87b",
                "sha256:5e0b74767e5f8c593e8c9b5912019159ed0533c70051e9cce3e8b6aa699fcd69",
                "sha256:5ed875a24292240029e4483f9d4a4b8a1ae08843b9c54f43fcc11e404532a8a5",
                "sha256:5fcd34e47f6e0b794d17de1b4ff496c00986e1c83f7ab2fb8fcfe9616ff7477b",
                "sha256:5fdec68f91a0c6739b380c83b951e2c72ac0197ace422360e6d5a959d8d97b2c",
                "sha256:6344df0d5755a2c9a276d4473ae6b90647e216ab4757f8426893b5dd2ac3f369",
                "sha256:64386e5e707d03a7e172c0701abfb7e10f0fb753ee1d773128192742712a98fd",
                "sha256:652cb6edd41e718550aad172851962662ff2681490a8a711af6a4d288dd96824",
                "sha256:66291b10affd76d76f54fad28e22e51719ef9ba22b29e1d7d03d6777a9174198",
                "sha256:66e1674c3ef6f541c35191caae2d429b967b99e02040f5ba928632d9a7f0f065",
                "sha256:6adc77889b628398debc7b65c073bcb99c4a0237b248cacaf3fe8a557563ef6c",
                "sha256:79005a0d97d5ddabfeeea4cf676af11e647e41d81c9a7722a193022accdb6b7c",
                "sha256:7c6610def4f163542a622a73fb39f534f8c101d690126992300bf3207eab9764",
                "sha256:7f047e29dcae44602496db43be01ad42fc6f1cc0d8cd6c83d342306c32270196",
                "sha256:8098f252adfa6c80ab48096053f512f2321f0b998f98150cea9bd23d83e1467b",
                "sha256:850774a7879607d3a6f50d36d04f00ee69e7fc816450e5f7e58d7f17f1ae5c00",
                "sha256:8d1fab6bb153a416f9aeb4b8763bc0f22a5586065f86f7664fc23339fc1c1fac",
                "sha256:8da9669d359f02c0b91ccc01cac4a67f16afec0dac22c2ad09f46bee0697eba8",
                "sha256:8dc52c23056b9ddd46818a57b78404882310fb473d63f17b07d5c40421e47f8e",
                "sha256:9149cad251584d5fb4981be1ecde53a1ca46c891a79788c0df828d2f166bda28",
                "sha256:93dda82c9c22deb0a405ea4dc5f2d0cda384168e466364dec6255b293923b2f3",
                "sha256:96b533f0e99f6579b3d4d4995707cf36df9100d67e0c8303a0c55b27b5f99bc5",
                "sha256:9c57bb8c96f6d1808c030b1687b9b5fb476abaa47f0db9c0101f5e9f394e97f4",
                "sha256:9c7708761fccb9397fe64bbc0395abcae8c4bf7b0eac081e12b809bf47700d0b",
                "sha256:9f3bfb4965eb874431221a3ff3fdcddc7e74e3b07799e0e84ca4a0f867d449bf",
                "sha256:a33284e20b78bd4a18c8c2282d549d10bc8408a2a7ff57653c0cf0b9be0afce5",
                "sha256:a80cb027f6b349846a3bf6d73b5e95e782175e52f22108cfa17876aaeff93702",
                "sha256:b30236e45cf30d2b8e7b3e85881719e98507abed1011bf463a8fa23e9c3e98a8",
                "sha256:b3bc83488de33889877a0f2543ade9f70c67d66d9ebb4ac959502e12de895788",
                "sha256:b865addae83924361678b652338317d1bd7e79b1f4596f96b96c77a5a34b34da",
                "sha256:b8bb0864c5a28024fac8a632c443c87c5aa6f215c0b126c449ae1a150412f31d",
                "sha256:ba1cc08a7ccde2d2ec775841541641e4548226580ab850948cbfda66a1befcdc",
                "sha256:bdb2c67c6c1390b63c6ff89f210c8fd09d9a1217a465701eac7316313c915e4c",
                "sha256:c1ff362665ae507275af2853520967820d9124984e0f7466736aea23d8611fba",
                "sha256:c2514fceb77bc5e7a2f7adfaa1feb2fb311607c9cb518dbc378688ec73d8292f",
                "sha256:c3355370a2c156cffb25e876646f149d5d68f5e0a3ce86a5084dd0b64a994917",
                "sha256:c458b6d084f9b935061bc36216e8a69a7e293a2f1e68bf956dcd9e6cbcd143f5",
                "sha256:d0eae10f8159e8fdad514efdc92d74fd8d682c933a6dd088030f3834bc8e6b26",
                "sha256:d76623373421df22fb4cf8817020cbb7ef15c725b9d5e45f17e189bfc384190f",
                "sha256:ebc55a14a21cb14062aa4162f906cd962b28e2e9ea38f9b4391244cd8de4ae0b",
                "sha256:eda16858a3cab07b80edaf74336ece1f986ba330fdb8ee0d6c0d68fe82bc96be",
                "sha256:ee2922902c45ae8ccada2c5b501ab86c36525b883eff4255313a253a3160861c",
                "sha256:efd7b85f94a6f21e4932043973a7ba2613b059c4a000551892ac9f1d11f5baf3",
                "sha256:f7057c9a337546edc7973c0d3ba84ddcdf0daa14533c2065749c9075001090e6",
                "sha256:fa160448684b4e94d80416c0fa4aac48967a969efe22931448d853ada8baf926",
                "sha256:fc09d0aa354569bc501d4e787133afc08552722d3ab34836a80547331bb5d4a0"
            ],
            "index": "pypi",
            "markers": "python_version >= '3.8'",
            "version": "==6.0.3"
        },
        "requests": {
            "hashes": [
                "sha256:18817f8c57c6263968bc123d237e3b8b08ac046f5456bd1e307ee8f4250d3517",
                "sha256:4e6d1ef462f3626a1f0a0a9c42dd93c63bad33f9f1c1937509b8c5c8718ab56a"
            ],
            "index": "pypi",
            "markers": "python_version >= '3.10'",
            "version": "==2.33.1"
        },
        "urllib3": {
            "hashes": [
                "sha256:231e0ec3b63ceb14667c67be60f2f2c40a518cb38b03af60abc813da26505f4c",
                "sha256:9fb4c81ebbb1ce9531cce37674bbc6f1360472bc18ca9a553ede278ef7276897"
            ],
            "markers": "python_version >= '3.10'",
            "version": "==2.7.0"
        },
        "wrapt": {
            "hashes": [
                "sha256:0a45ffae742ce91a16e11cb6c7cd71e7f9994f3cbd283b962ab093f5c6dcf525",
                "sha256:0bb2797048db0956348cb3058c33bc4184614f13231389cfbccc16a5d32780a7",
                "sha256:0d3fb71e65b001adfc42684522eeccd9c21d8ba679945abc993439567b66e59f",
                "sha256:0db083387d6e75ec0be8173ecbf0e811cf60bae1cc75a815feb104167ea10d4d",
                "sha256:10461884b3014fbfc8eb7d09a93c5f246363e6711d9d881f95eb8c27fdef049f",
                "sha256:1236fa25173ca964c97422470482e9011b9e3c7ed0d75798b40b3da3b0e0e760",
                "sha256:141ed6211286a9660d8d6702de598b43f0934b4f0eda16393f100a80f501d945",
                "sha256:1598becd30f8f2777d18564064eb4f4dbe1ab0e05a8f09786d0ef505ac782bf3",
                "sha256:195b1842b4122fb54e3cd3dd5b2b4aa49302a5a61da901df0481f5c97aedde84",
                "sha256:1d6159c9b2fefec02314e1332dbbbfaf960e369dfd26bcf7f8b258b5732065b3",
                "sha256:22cc5c0a717bd4da87018ae0bffd4c19c6fb679d3ff357216ba566ab26c76cab",
                "sha256:242b60c21e30866e6a2fa606c612b47c553fa60c0eaeeeb7797fb842ac0ce609",
                "sha256:24da48596326ef8e448cfa837b454f638713d3531262375f00e5a9681682fc07",
                "sha256:261f53870cd4fb2bf38f9f972c56c728fd224cb7c65721307de59d9e7e6741ae",
                "sha256:2935d5454b3f179a29b12cf390ee47246740ba2c3a7545b1b46ba31a5f2a4a0b",
                "sha256:2e49885a62ec4ee854d1b9e6371fda6afd219917225752abf729a3f36d4df9a5",
                "sha256:379f670f45b7bb8993edd9f6fc36c6cc65edb81cffa0b504be34acb0303fff0a",
                "sha256:3873c3c5ca9f4ef91f693602eca19d1f1e7c410338df82a4ff11d826b5896a8f",
                "sha256:392158c9a7f2ab1b8699418bfc0fe6f83548788c418b27d7bf2019ad3405cebb",
                "sha256:39febbee6d77301d31da6996b152ce52452da7c7ef72aba10c2fa976dff9c295",
                "sha256:3d1c2c1b808600d2ea808e6360910a60ed5f409a4011655e10f9164ba0a414a6",
                "sha256:3da470536bf9645143323dd41b32db55c6f4304ad382094c1a1da8a92061e10d",
                "sha256:418f54bb09d1762db02c7009b4051149893af3153a87f92d70356703c11eea02",
                "sha256:42869085687f0aefd57c0f636c3f9354f8ffb321a8ba9cb52d19beb796e561c5",
                "sha256:45c9279b373d15649dfa2c2077cb3408ea1a6d3125afbdab9d6b809a66f68e14",
                "sha256:4fa0df3bff4e7ce45759f33fd39335fe2f60477bb9ecf7b8aa41e7d07ee36a23",
                "sha256:50f416b74d092bb9f41b424e90dd457f365f7ba4b11de62a23679769a21bd85c",
                "sha256:51a7a4181c1295774812271fbcd7c909df372bc25579d4ed9eb875caaf0ae86f",
                "sha256:54ca1d5573f69b5fe1d74f1f65799c68015e82f685efec9fd8cfa40a094c44d0",
                "sha256:5ab559e1b2551d23d54db2a0001c6d73bad022a254639561c5f6c382a9d6c2fe",
                "sha256:5ba1e5e08ddc46130e9682b2c249f2d1dd39bda9106ed4bd401b7519f18f41bd",
                "sha256:5d221a6e6ddd302b8397433184e96b59f259f50024b854db1c411a881586b6b8",
                "sha256:6208f302f110295d64b22a7ac96500c791bf492dce4366e622e4912b077c9687",
                "sha256:626b69db2021aa01671ec7bbc9740e558522bd44c18cf2ce69bf3d666a014109",
                "sha256:628f3ba8ec793a5b10a6cd8c6c6b7b55eb552abd1f3bd301336acb74c7a82dfe",
                "sha256:629d73378082c00a8173031f9fb30a3ac6abbc894a5bfdfae71fabc60642d501",
                "sha256:646d20d413ffcd1b0a2f700076e2d0252d872dcb7754860a73e45a59ea883614",
                "sha256:67bfe2485f50368c3fcd2275fc1fd100e350d601e0058921a7c82678a465aeab",
                "sha256:681a2d0eefd721998f90642762b8e75c2159ec531b20ad5e437245ea7b06a107",
                "sha256:69e477046f2237ef0bc6547544ee73008dc764ca26eff44f09e976d221b34d5d",
                "sha256:6db604ef0c67bdb2042ecdfd7b7f037cf09733557ca42360d1018285634f7b98",
                "sha256:729126e667da34d251b8ebf8a45ef0c5ddadc21542b3d6e1abf4259ece6508df",
                "sha256:73d0b10b64620a2cf4bc3d31775c4d9527e309a5549e4379e3bf71e8d2dc193e",
                "sha256:7ebb274aba688b043429eb1500ff8a76ce0cb8ac0812ca3e301f06247b8722b3",
                "sha256:8159ec0b0cb7608175eb150de94c19e34f4d47ac655f5ca9baf45df6b688ffd3",
                "sha256:816877aa749253149f9ecfd2635d4d948ecfa338e1a0311d187b1acb1bb8a3eb",
                "sha256:85de890ff968196e92dd1ae73a9fb8970495e7650a457b1c9ef0ac3dd550bce2",
                "sha256:8f8a1c6472675956cece9a8f403f43c3594f1681319eed2dd56f60877397c636",
                "sha256:9045917809c63fdf7abe3a2ceaed3d670b8ee4500ddd9291192d30aeb34467c5",
                "sha256:932dced0a7b2950ed58a3325536a1dcb7b58e7330af54e8552d2e566b5328b99",
                "sha256:93513bec052c6cd987f9f580c3df068c8bc4ebae6543736be3ca7ec5959cafcd",
                "sha256:9790ea25190a4e0fe4cdf4eeb868e9d75f8a024a70a5b6bf9c348a3a2b72e731",
                "sha256:9f5d2aec29dfc76c37e23897dee92766a3fd4f3bff3ae7fc9c6b4bf37d8c1360",
                "sha256:a65e8db2b4e90c2e7ade931086351c98ef420bf7a94ee08c95ac8a3cbbc43579",
                "sha256:a6b5984cd65dd639546f0eb4b8eacf1c31cb2fe9fb5c27bffe240987cdb2cf84",
                "sha256:a6e19531ae33c508cea7d84a7edfda01fa86e51b8d1a93a77712c55e6e469152",
                "sha256:abc71504669d126d91f89fc0e388c6295d8fbd2439be884f175133fda8aa403c",
                "sha256:ac870cc97b73bb00ac353329e9559a4bebc47c4c86792ed9b23b58c15b6ad838",
                "sha256:ad71df7a04dd3497e9302e81f4a7c91bd401ea0e15a9df9029527900f94bee43",
                "sha256:b1e5aa486e269b00ed35e64771c7d0ab8096cfd2643405ca8cd60ebedc099a51",
                "sha256:b4fc96b159af0a3e0faa72475a69d66292bea72a5bed1e1aca1bffbddc3cb2b0",
                "sha256:b767a9566f165dd14decf8f4194c6bb0ce3a8420cec213824e05a99400c9260a",
                "sha256:bff9a671bc00709cab5a7f745c592b5671873449db0ee2a569af994f16b29a4d",
                "sha256:c3b476ae63b4a3b4da681aafcb25ff3542d289fbda8b5da7caf76aaffafafdbb",
                "sha256:c4bded758ad6f03b965830944a2f0bc5b2eb3767fe5a7310134315d1a6610e98",
                "sha256:c8388ba7faf5dbf9ee106bb70d66f257629b1bd98091123e19e8a4553a319199",
                "sha256:c8858d8ff9822a081e3cc49ae1b3b22f0f789c14001cdac8f94564010d9c9d66",
                "sha256:c88abcf53daef80e01a75c7530e727fa6e2c1888fe83e3dcdba4c96216a1f5c7",
                "sha256:cc2cea812e5cb179a796b766747e7d3b21088760d8deb95676d482b8c8e6fa7d",
                "sha256:cd3a2edf0427013736b8127955cec62608c56e53ea47e82812ea32059cda407f",
                "sha256:cdc021cb0b62471d6aac7f2bd92f3b4658073775f9ee7fcd325c511129e7bcc8",
                "sha256:ce9f398f868d2b3b27aa2ea4de79645ef9077aeeac8dfc2814b0d542c6a2b87f",
                "sha256:d0077f3d65541925fa83002f967b22ad6550d24813ac64cb905f717194128d9c",
                "sha256:d0f7284f88f4833705132d06d3b425a43095c2cbd07c58166aac3ab646ba12a4",
                "sha256:d2cc64539da63e39ffb9c7ede849b6e8ddaaf7b3876b5cfb04efd85a5f3f4eb6",
                "sha256:d8c7ed08477429752b8c44991f40ad7838b18332a160698740a6bfbc10d998a2",
                "sha256:df4ce31150bcd5d9f36f816aac3010ab4f4bf8672ac1d3b0ac7d539ec61c7c02",
                "sha256:e045ff75d7d94900fc32896ed93c45ce2d2cac28c9dead582ff9a5a49d446e35",
                "sha256:e2e692bc0d63f881cf7006730a56bd4e0c2fab5dc318466942805d692b166276",
                "sha256:e31734c5077f29f892b2565eee5106d610278151ad49fc6a9d69a647cd5730e2",
                "sha256:e3b9eaa742ae7a0aaaaad4ca4b69469d757af2d6e6663ef1dadc47adec0aeb41",
                "sha256:e3f3d7ec0a51fbfe00d3aef047641ff2c58b25565b4717fc1f90e050be01cba8",
                "sha256:e5301c35cf75655eb33498f2bd6ae8703ca19940e3167dc9cdf740c712a39c60",
                "sha256:ea52a0d0f08c584943d5764be0e84efa912c8da23c23e1e285ff2f5641c18fcc",
                "sha256:ed635a9ca4f3a5a2b900c10c69e823373bc00ebc114b459383596d3487da3570",
                "sha256:fb8e2e6704a1e0b1b989546c69e2688371ef4a07fa5f61bde3eb6211186f5ac1",
                "sha256:fc648a335d7e01adb3640b25f02fd0ea05886cf04d0af7f4ee902bc7b5e466e8",
                "sha256:fc82c2ccc8e234c844f5303d9f2984b346dcdd53e94823ce8420d2c75b4b9023",
                "sha256:fd1f2f557dd3491fe75905e578f4db967393d40d1a8f468edc4d40ac7f2d5944",
                "sha256:fd85b0aa88efdb189d6ae2f35f4526943a8f091c38599c9c31478241c819e6a1"
            ],
            "markers": "python_version >= '3.9'",
            "version": "==2.3.0"
        }
    },
    "develop": {}
}
